
Microsoft Visual Studio Solution File, Format Version 12.00
# Visual Studio 2012
Project("{FAE04EC0-301F-11D3-BF4B-00C04F79EFBC}") = "OpenGamingLibrary.Ioc", "main\OpenGamingLibrary.Ioc\OpenGamingLibrary.Ioc.csproj", "{5F907144-262F-475C-91E9-9315A2DA7D27}"
EndProject
Project("{FAE04EC0-301F-11D3-BF4B-00C04F79EFBC}") = "OpenGamingLibrary.Ioc.SimpleInjector", "main\OpenGamingLibrary.Ioc.SimpleInjector\OpenGamingLibrary.Ioc.SimpleInjector.csproj", "{8E917E8F-F3EF-485B-B148-72C8ED9DB6E6}"
EndProject
Project("{FAE04EC0-301F-11D3-BF4B-00C04F79EFBC}") = "OpenGamingLibrary.Xml.Linq", "main\OpenGamingLibrary.Xml.Linq\OpenGamingLibrary.Xml.Linq.csproj", "{2B2F7E35-B753-4433-BDA7-85543BD3A653}"
EndProject
Project("{FAE04EC0-301F-11D3-BF4B-00C04F79EFBC}") = "OpenGamingLibrary.Xml", "main\OpenGamingLibrary.Xml\OpenGamingLibrary.Xml.csproj", "{B0D344B7-41BD-4184-AEB6-A0D7840DD182}"
EndProject
Project("{FAE04EC0-301F-11D3-BF4B-00C04F79EFBC}") = "OpenGamingLibrary.Unity", "main\OpenGamingLibrary.Unity\OpenGamingLibrary.Unity.csproj", "{0C18F4CD-3B6E-481B-A0D8-74DFB6160559}"
EndProject
Project("{FAE04EC0-301F-11D3-BF4B-00C04F79EFBC}") = "OpenGamingLibrary.Ioc.SimpleInjector.Test", "test\OpenGamingLibrary.Ioc.SimpleInjector.Test\OpenGamingLibrary.Ioc.SimpleInjector.Test.csproj", "{E254C351-1DD5-4D98-B7C2-7F610304647E}"
EndProject
Project("{FAE04EC0-301F-11D3-BF4B-00C04F79EFBC}") = "OpenGamingLibrary.Ioc.Test", "test\OpenGamingLibrary.Ioc.Test\OpenGamingLibrary.Ioc.Test.csproj", "{4D026308-0452-4A7D-BC7E-69528209E877}"
EndProject
Project("{FAE04EC0-301F-11D3-BF4B-00C04F79EFBC}") = "OpenGamingLibrary.Test", "test\OpenGamingLibrary.Test\OpenGamingLibrary.Test.csproj", "{2ADC33A2-C1EC-4DB5-96B4-FFE46B66173C}"
EndProject
Project("{FAE04EC0-301F-11D3-BF4B-00C04F79EFBC}") = "OpenGamingLibrary.Logging.Test", "test\OpenGamingLibrary.Logging.Test\OpenGamingLibrary.Logging.Test.csproj", "{BFDFA3CE-D89D-499C-9829-BBC1ED6C3A98}"
EndProject
Project("{FAE04EC0-301F-11D3-BF4B-00C04F79EFBC}") = "OpenGamingLibrary.Numerics", "main\OpenGamingLibrary.Numerics\OpenGamingLibrary.Numerics.csproj", "{09383977-71FE-4F77-AF26-AEB098664E38}"
EndProject
Project("{FAE04EC0-301F-11D3-BF4B-00C04F79EFBC}") = "OpenGamingLibrary.Numerics.Test", "test\OpenGamingLibrary.Numerics.Test\OpenGamingLibrary.Numerics.Test.csproj", "{5F9FC80C-C327-4FBB-A4EE-2CA968557360}"
EndProject
Project("{FAE04EC0-301F-11D3-BF4B-00C04F79EFBC}") = "OpenGamingLibrary.Json", "main\OpenGamingLibrary.Json\OpenGamingLibrary.Json.csproj", "{106260EC-CAD4-43F2-A4FE-B85F7FACE0AA}"
EndProject
Project("{FAE04EC0-301F-11D3-BF4B-00C04F79EFBC}") = "OpenGamingLibrary.Json.Test", "test\OpenGamingLibrary.Json.Test\OpenGamingLibrary.Json.Test.csproj", "{5A4B6ED2-741E-4D91-9A34-CC9CAE62C348}"
EndProject
Project("{FAE04EC0-301F-11D3-BF4B-00C04F79EFBC}") = "OpenGamingLibrary.Xunit.Extensions", "main\OpenGamingLibrary.Xunit.Extensions\OpenGamingLibrary.Xunit.Extensions.csproj", "{48CA352A-1165-4F37-A74A-FDD8FD6D4F96}"
EndProject
Project("{FAE04EC0-301F-11D3-BF4B-00C04F79EFBC}") = "OpenGamingLibrary", "main\OpenGamingLibrary\OpenGamingLibrary.csproj", "{F2B14C4B-6493-42D9-8D7F-07C3B7A00B41}"
EndProject
Global
	GlobalSection(SolutionConfigurationPlatforms) = preSolution
		Debug|x86 = Debug|x86
		Release|x86 = Release|x86
	EndGlobalSection
	GlobalSection(ProjectConfigurationPlatforms) = postSolution
		{09383977-71FE-4F77-AF26-AEB098664E38}.Debug|x86.ActiveCfg = Debug|Any CPU
		{09383977-71FE-4F77-AF26-AEB098664E38}.Debug|x86.Build.0 = Debug|Any CPU
		{09383977-71FE-4F77-AF26-AEB098664E38}.Release|x86.ActiveCfg = Release|Any CPU
		{09383977-71FE-4F77-AF26-AEB098664E38}.Release|x86.Build.0 = Release|Any CPU
		{0C18F4CD-3B6E-481B-A0D8-74DFB6160559}.Debug|x86.ActiveCfg = Debug|x86
		{0C18F4CD-3B6E-481B-A0D8-74DFB6160559}.Debug|x86.Build.0 = Debug|x86
		{0C18F4CD-3B6E-481B-A0D8-74DFB6160559}.Release|x86.ActiveCfg = Release|x86
		{0C18F4CD-3B6E-481B-A0D8-74DFB6160559}.Release|x86.Build.0 = Release|x86
		{106260EC-CAD4-43F2-A4FE-B85F7FACE0AA}.Debug|x86.ActiveCfg = Debug|Any CPU
		{106260EC-CAD4-43F2-A4FE-B85F7FACE0AA}.Debug|x86.Build.0 = Debug|Any CPU
		{106260EC-CAD4-43F2-A4FE-B85F7FACE0AA}.Release|x86.ActiveCfg = Release|Any CPU
		{106260EC-CAD4-43F2-A4FE-B85F7FACE0AA}.Release|x86.Build.0 = Release|Any CPU
		{2ADC33A2-C1EC-4DB5-96B4-FFE46B66173C}.Debug|x86.ActiveCfg = Debug|x86
		{2ADC33A2-C1EC-4DB5-96B4-FFE46B66173C}.Debug|x86.Build.0 = Debug|x86
		{2ADC33A2-C1EC-4DB5-96B4-FFE46B66173C}.Release|x86.ActiveCfg = Release|x86
		{2ADC33A2-C1EC-4DB5-96B4-FFE46B66173C}.Release|x86.Build.0 = Release|x86
		{2B2F7E35-B753-4433-BDA7-85543BD3A653}.Debug|x86.ActiveCfg = Debug|Any CPU
		{2B2F7E35-B753-4433-BDA7-85543BD3A653}.Debug|x86.Build.0 = Debug|Any CPU
		{2B2F7E35-B753-4433-BDA7-85543BD3A653}.Release|x86.ActiveCfg = Release|Any CPU
		{2B2F7E35-B753-4433-BDA7-85543BD3A653}.Release|x86.Build.0 = Release|Any CPU
		{48CA352A-1165-4F37-A74A-FDD8FD6D4F96}.Debug|x86.ActiveCfg = Debug|Any CPU
		{48CA352A-1165-4F37-A74A-FDD8FD6D4F96}.Debug|x86.Build.0 = Debug|Any CPU
		{48CA352A-1165-4F37-A74A-FDD8FD6D4F96}.Release|x86.ActiveCfg = Release|Any CPU
		{48CA352A-1165-4F37-A74A-FDD8FD6D4F96}.Release|x86.Build.0 = Release|Any CPU
		{4D026308-0452-4A7D-BC7E-69528209E877}.Debug|x86.ActiveCfg = Debug|Any CPU
		{4D026308-0452-4A7D-BC7E-69528209E877}.Debug|x86.Build.0 = Debug|Any CPU
		{4D026308-0452-4A7D-BC7E-69528209E877}.Release|x86.ActiveCfg = Release|Any CPU
		{4D026308-0452-4A7D-BC7E-69528209E877}.Release|x86.Build.0 = Release|Any CPU
		{5A4B6ED2-741E-4D91-9A34-CC9CAE62C348}.Debug|x86.ActiveCfg = Debug|Any CPU
		{5A4B6ED2-741E-4D91-9A34-CC9CAE62C348}.Debug|x86.Build.0 = Debug|Any CPU
		{5A4B6ED2-741E-4D91-9A34-CC9CAE62C348}.Release|x86.ActiveCfg = Release|Any CPU
		{5A4B6ED2-741E-4D91-9A34-CC9CAE62C348}.Release|x86.Build.0 = Release|Any CPU
		{5F907144-262F-475C-91E9-9315A2DA7D27}.Debug|x86.ActiveCfg = Debug|x86
		{5F907144-262F-475C-91E9-9315A2DA7D27}.Debug|x86.Build.0 = Debug|x86
		{5F907144-262F-475C-91E9-9315A2DA7D27}.Release|x86.ActiveCfg = Release|x86
		{5F907144-262F-475C-91E9-9315A2DA7D27}.Release|x86.Build.0 = Release|x86
		{5F9FC80C-C327-4FBB-A4EE-2CA968557360}.Debug|x86.ActiveCfg = Debug|Any CPU
		{5F9FC80C-C327-4FBB-A4EE-2CA968557360}.Debug|x86.Build.0 = Debug|Any CPU
		{5F9FC80C-C327-4FBB-A4EE-2CA968557360}.Release|x86.ActiveCfg = Release|Any CPU
		{5F9FC80C-C327-4FBB-A4EE-2CA968557360}.Release|x86.Build.0 = Release|Any CPU
		{8E917E8F-F3EF-485B-B148-72C8ED9DB6E6}.Debug|x86.ActiveCfg = Debug|x86
		{8E917E8F-F3EF-485B-B148-72C8ED9DB6E6}.Debug|x86.Build.0 = Debug|x86
		{8E917E8F-F3EF-485B-B148-72C8ED9DB6E6}.Release|x86.ActiveCfg = Release|x86
		{8E917E8F-F3EF-485B-B148-72C8ED9DB6E6}.Release|x86.Build.0 = Release|x86
		{B0D344B7-41BD-4184-AEB6-A0D7840DD182}.Debug|x86.ActiveCfg = Debug|Any CPU
		{B0D344B7-41BD-4184-AEB6-A0D7840DD182}.Debug|x86.Build.0 = Debug|Any CPU
		{B0D344B7-41BD-4184-AEB6-A0D7840DD182}.Release|x86.ActiveCfg = Release|Any CPU
		{B0D344B7-41BD-4184-AEB6-A0D7840DD182}.Release|x86.Build.0 = Release|Any CPU
		{BFDFA3CE-D89D-499C-9829-BBC1ED6C3A98}.Debug|x86.ActiveCfg = Debug|x86
		{BFDFA3CE-D89D-499C-9829-BBC1ED6C3A98}.Debug|x86.Build.0 = Debug|x86
		{BFDFA3CE-D89D-499C-9829-BBC1ED6C3A98}.Release|x86.ActiveCfg = Release|x86
		{BFDFA3CE-D89D-499C-9829-BBC1ED6C3A98}.Release|x86.Build.0 = Release|x86
		{E254C351-1DD5-4D98-B7C2-7F610304647E}.Debug|x86.ActiveCfg = Debug|Any CPU
		{E254C351-1DD5-4D98-B7C2-7F610304647E}.Debug|x86.Build.0 = Debug|Any CPU
		{E254C351-1DD5-4D98-B7C2-7F610304647E}.Release|x86.ActiveCfg = Release|Any CPU
		{E254C351-1DD5-4D98-B7C2-7F610304647E}.Release|x86.Build.0 = Release|Any CPU
		{F2B14C4B-6493-42D9-8D7F-07C3B7A00B41}.Debug|x86.ActiveCfg = Debug|x86
		{F2B14C4B-6493-42D9-8D7F-07C3B7A00B41}.Debug|x86.Build.0 = Debug|x86
		{F2B14C4B-6493-42D9-8D7F-07C3B7A00B41}.Release|x86.ActiveCfg = Release|x86
		{F2B14C4B-6493-42D9-8D7F-07C3B7A00B41}.Release|x86.Build.0 = Release|x86
	EndGlobalSection
	GlobalSection(MonoDevelopProperties) = preSolution
		StartupItem = main\OpenGamingLibrary\OpenGamingLibrary.csproj
		Policies = $0
		$0.DotNetNamingPolicy = $1
		$1.DirectoryNamespaceAssociation = PrefixedFlat
		$1.ResourceNamePolicy = FileName
		$0.TextStylePolicy = $2
		$2.TabsToSpaces = False
		$2.inheritsSet = VisualStudio
		$2.inheritsScope = text/plain
		$2.scope = text/x-csharp
		$0.CSharpFormattingPolicy = $3
		$3.PropertyBraceStyle = NextLine
		$3.PropertyGetBraceStyle = NextLine
		$3.PropertySetBraceStyle = NextLine
		$3.StatementBraceStyle = NextLine
		$3.ElseNewLinePlacement = NewLine
		$3.CatchNewLinePlacement = NewLine
		$3.FinallyNewLinePlacement = NewLine
		$3.EmbeddedStatementPlacement = DoNotCare
		$3.BeforeMethodCallParentheses = False
		$3.AfterDelegateDeclarationParameterComma = True
		$3.NewParentheses = False
		$3.SpacesBeforeBrackets = False
		$3.AlignToFirstMethodDeclarationParameter = False
		$3.inheritsSet = Mono
		$3.inheritsScope = text/x-csharp
		$3.scope = text/x-csharp
		$0.StandardHeader = $4
		$4.Text = @Copyright ${Year} ${CopyrightHolder} All rights reserved.\n\nIt is illegal to use, reproduce or distribute any part of this\nIntellectual Property without prior written authorization from\n${CopyrightHolder}
		$4.IncludeInNewFiles = True
		$0.NameConventionPolicy = $5
		$5.Rules = $6
		$6.NamingRule = $7
		$7.Name = Namespaces
		$7.AffectedEntity = Namespace
		$7.VisibilityMask = VisibilityMask
		$7.NamingStyle = PascalCase
		$7.IncludeInstanceMembers = True
		$7.IncludeStaticEntities = True
		$6.NamingRule = $8
		$8.Name = Types
		$8.AffectedEntity = Class, Struct, Enum, Delegate
		$8.VisibilityMask = Public
		$8.NamingStyle = PascalCase
		$8.IncludeInstanceMembers = True
		$8.IncludeStaticEntities = True
		$6.NamingRule = $9
		$9.Name = Interfaces
		$9.RequiredPrefixes = $10
		$10.String = I
		$9.AffectedEntity = Interface
		$9.VisibilityMask = Public
		$9.NamingStyle = PascalCase
		$9.IncludeInstanceMembers = True
		$9.IncludeStaticEntities = True
		$6.NamingRule = $11
		$11.Name = Attributes
		$11.RequiredSuffixes = $12
		$12.String = Attribute
		$11.AffectedEntity = CustomAttributes
		$11.VisibilityMask = Public
		$11.NamingStyle = PascalCase
		$11.IncludeInstanceMembers = True
		$11.IncludeStaticEntities = True
		$6.NamingRule = $13
		$13.Name = Event Arguments
		$13.RequiredSuffixes = $14
		$14.String = EventArgs
		$13.AffectedEntity = CustomEventArgs
		$13.VisibilityMask = Public
		$13.NamingStyle = PascalCase
		$13.IncludeInstanceMembers = True
		$13.IncludeStaticEntities = True
		$6.NamingRule = $15
		$15.Name = Exceptions
		$15.RequiredSuffixes = $16
		$16.String = Exception
		$15.AffectedEntity = CustomExceptions
		$15.VisibilityMask = VisibilityMask
		$15.NamingStyle = PascalCase
		$15.IncludeInstanceMembers = True
		$15.IncludeStaticEntities = True
		$6.NamingRule = $17
		$17.Name = Methods
		$17.AffectedEntity = Methods
		$17.VisibilityMask = Protected, Public
		$17.NamingStyle = PascalCase
		$17.IncludeInstanceMembers = True
		$17.IncludeStaticEntities = True
		$6.NamingRule = $18
		$18.Name = Static Readonly Fields
		$18.AffectedEntity = ReadonlyField
		$18.VisibilityMask = Protected, Public
		$18.NamingStyle = PascalCase
		$18.IncludeInstanceMembers = False
		$18.IncludeStaticEntities = True
		$6.NamingRule = $19
		$19.Name = Fields
		$19.AffectedEntity = Field
		$19.VisibilityMask = Protected, Public
		$19.NamingStyle = PascalCase
		$19.IncludeInstanceMembers = True
		$19.IncludeStaticEntities = True
		$6.NamingRule = $20
		$20.Name = ReadOnly Fields
		$20.AffectedEntity = ReadonlyField
		$20.VisibilityMask = Protected, Public
		$20.NamingStyle = PascalCase
		$20.IncludeInstanceMembers = True
		$20.IncludeStaticEntities = False
		$6.NamingRule = $21
		$21.Name = Constant Fields
		$21.AffectedEntity = ConstantField
		$21.VisibilityMask = Protected, Public
		$21.NamingStyle = PascalCase
		$21.IncludeInstanceMembers = True
		$21.IncludeStaticEntities = True
		$6.NamingRule = $22
		$22.Name = Properties
		$22.AffectedEntity = Property
		$22.VisibilityMask = Protected, Public
		$22.NamingStyle = PascalCase
		$22.IncludeInstanceMembers = True
		$22.IncludeStaticEntities = True
		$6.NamingRule = $23
		$23.Name = Events
		$23.AffectedEntity = Event
		$23.VisibilityMask = Protected, Public
		$23.NamingStyle = PascalCase
		$23.IncludeInstanceMembers = True
		$23.IncludeStaticEntities = True
		$6.NamingRule = $24
		$24.Name = Enum Members
		$24.AffectedEntity = EnumMember
		$24.VisibilityMask = VisibilityMask
		$24.NamingStyle = PascalCase
		$24.IncludeInstanceMembers = True
		$24.IncludeStaticEntities = True
		$6.NamingRule = $25
		$25.Name = Parameters
		$25.AffectedEntity = Parameter
		$25.VisibilityMask = VisibilityMask
		$25.NamingStyle = CamelCase
		$25.IncludeInstanceMembers = True
		$25.IncludeStaticEntities = True
		$6.NamingRule = $26
		$26.Name = Type Parameters
		$26.RequiredPrefixes = $27
		$27.String = T
		$26.AffectedEntity = TypeParameter
		$26.VisibilityMask = VisibilityMask
		$26.NamingStyle = PascalCase
		$26.IncludeInstanceMembers = True
		$26.IncludeStaticEntities = True
	EndGlobalSection
EndGlobal
