
Microsoft Visual Studio Solution File, Format Version 12.00
# Visual Studio 2012
VisualStudioVersion = 12.0.31101.0
MinimumVisualStudioVersion = 10.0.40219.1
Project("{FAE04EC0-301F-11D3-BF4B-00C04F79EFBC}") = "OpenGamingLibrary.Ioc", "main\OpenGamingLibrary.Ioc\OpenGamingLibrary.Ioc.csproj", "{5F907144-262F-475C-91E9-9315A2DA7D27}"
EndProject
Project("{FAE04EC0-301F-11D3-BF4B-00C04F79EFBC}") = "OpenGamingLibrary.Ioc.SimpleInjector", "main\OpenGamingLibrary.Ioc.SimpleInjector\OpenGamingLibrary.Ioc.SimpleInjector.csproj", "{8E917E8F-F3EF-485B-B148-72C8ED9DB6E6}"
EndProject
Project("{FAE04EC0-301F-11D3-BF4B-00C04F79EFBC}") = "OpenGamingLibrary.Xml.Linq", "main\OpenGamingLibrary.Xml.Linq\OpenGamingLibrary.Xml.Linq.csproj", "{2B2F7E35-B753-4433-BDA7-85543BD3A653}"
EndProject
Project("{FAE04EC0-301F-11D3-BF4B-00C04F79EFBC}") = "OpenGamingLibrary.Xml", "main\OpenGamingLibrary.Xml\OpenGamingLibrary.Xml.csproj", "{B0D344B7-41BD-4184-AEB6-A0D7840DD182}"
EndProject
Project("{FAE04EC0-301F-11D3-BF4B-00C04F79EFBC}") = "OpenGamingLibrary.Unity", "main\OpenGamingLibrary.Unity\OpenGamingLibrary.Unity.csproj", "{0C18F4CD-3B6E-481B-A0D8-74DFB6160559}"
EndProject
Project("{FAE04EC0-301F-11D3-BF4B-00C04F79EFBC}") = "OpenGamingLibrary.Ioc.SimpleInjector.Test", "test\OpenGamingLibrary.Ioc.SimpleInjector.Test\OpenGamingLibrary.Ioc.SimpleInjector.Test.csproj", "{E254C351-1DD5-4D98-B7C2-7F610304647E}"
EndProject
Project("{FAE04EC0-301F-11D3-BF4B-00C04F79EFBC}") = "OpenGamingLibrary.Ioc.Test", "test\OpenGamingLibrary.Ioc.Test\OpenGamingLibrary.Ioc.Test.csproj", "{4D026308-0452-4A7D-BC7E-69528209E877}"
EndProject
Project("{FAE04EC0-301F-11D3-BF4B-00C04F79EFBC}") = "OpenGamingLibrary.Test", "test\OpenGamingLibrary.Test\OpenGamingLibrary.Test.csproj", "{2ADC33A2-C1EC-4DB5-96B4-FFE46B66173C}"
EndProject
Project("{FAE04EC0-301F-11D3-BF4B-00C04F79EFBC}") = "OpenGamingLibrary.Logging.Test", "test\OpenGamingLibrary.Logging.Test\OpenGamingLibrary.Logging.Test.csproj", "{BFDFA3CE-D89D-499C-9829-BBC1ED6C3A98}"
EndProject
Project("{FAE04EC0-301F-11D3-BF4B-00C04F79EFBC}") = "OpenGamingLibrary.Json", "main\OpenGamingLibrary.Json\OpenGamingLibrary.Json.csproj", "{106260EC-CAD4-43F2-A4FE-B85F7FACE0AA}"
EndProject
Project("{FAE04EC0-301F-11D3-BF4B-00C04F79EFBC}") = "OpenGamingLibrary.Json.Test", "test\OpenGamingLibrary.Json.Test\OpenGamingLibrary.Json.Test.csproj", "{5A4B6ED2-741E-4D91-9A34-CC9CAE62C348}"
EndProject
Project("{FAE04EC0-301F-11D3-BF4B-00C04F79EFBC}") = "OpenGamingLibrary.Xunit.Extensions", "main\OpenGamingLibrary.Xunit.Extensions\OpenGamingLibrary.Xunit.Extensions.csproj", "{48CA352A-1165-4F37-A74A-FDD8FD6D4F96}"
EndProject
Project("{FAE04EC0-301F-11D3-BF4B-00C04F79EFBC}") = "OpenGamingLibrary", "main\OpenGamingLibrary\OpenGamingLibrary.csproj", "{F2B14C4B-6493-42D9-8D7F-07C3B7A00B41}"
EndProject
Project("{FAE04EC0-301F-11D3-BF4B-00C04F79EFBC}") = "OpenGamingLibrary.Security", "main\OpenGamingLibrary.Security\OpenGamingLibrary.Security.csproj", "{3D4C34D5-E99B-4A5A-8B9F-1EDE496D2E4E}"
EndProject
Global
	GlobalSection(SolutionConfigurationPlatforms) = preSolution
		Debug|x86 = Debug|x86
		Release|x86 = Release|x86
	EndGlobalSection
	GlobalSection(ProjectConfigurationPlatforms) = postSolution
		{0C18F4CD-3B6E-481B-A0D8-74DFB6160559}.Debug|x86.ActiveCfg = Debug|x86
		{0C18F4CD-3B6E-481B-A0D8-74DFB6160559}.Debug|x86.Build.0 = Debug|x86
		{0C18F4CD-3B6E-481B-A0D8-74DFB6160559}.Release|x86.ActiveCfg = Release|x86
		{0C18F4CD-3B6E-481B-A0D8-74DFB6160559}.Release|x86.Build.0 = Release|x86
		{106260EC-CAD4-43F2-A4FE-B85F7FACE0AA}.Debug|x86.ActiveCfg = Debug|Any CPU
		{106260EC-CAD4-43F2-A4FE-B85F7FACE0AA}.Debug|x86.Build.0 = Debug|Any CPU
		{106260EC-CAD4-43F2-A4FE-B85F7FACE0AA}.Release|x86.ActiveCfg = Release|Any CPU
		{106260EC-CAD4-43F2-A4FE-B85F7FACE0AA}.Release|x86.Build.0 = Release|Any CPU
		{2ADC33A2-C1EC-4DB5-96B4-FFE46B66173C}.Debug|x86.ActiveCfg = Debug|x86
		{2ADC33A2-C1EC-4DB5-96B4-FFE46B66173C}.Debug|x86.Build.0 = Debug|x86
		{2ADC33A2-C1EC-4DB5-96B4-FFE46B66173C}.Release|x86.ActiveCfg = Release|x86
		{2ADC33A2-C1EC-4DB5-96B4-FFE46B66173C}.Release|x86.Build.0 = Release|x86
		{2B2F7E35-B753-4433-BDA7-85543BD3A653}.Debug|x86.ActiveCfg = Debug|Any CPU
		{2B2F7E35-B753-4433-BDA7-85543BD3A653}.Debug|x86.Build.0 = Debug|Any CPU
		{2B2F7E35-B753-4433-BDA7-85543BD3A653}.Release|x86.ActiveCfg = Release|Any CPU
		{2B2F7E35-B753-4433-BDA7-85543BD3A653}.Release|x86.Build.0 = Release|Any CPU
		{3D4C34D5-E99B-4A5A-8B9F-1EDE496D2E4E}.Debug|x86.ActiveCfg = Debug|x86
		{3D4C34D5-E99B-4A5A-8B9F-1EDE496D2E4E}.Debug|x86.Build.0 = Debug|x86
		{3D4C34D5-E99B-4A5A-8B9F-1EDE496D2E4E}.Release|x86.ActiveCfg = Release|x86
		{3D4C34D5-E99B-4A5A-8B9F-1EDE496D2E4E}.Release|x86.Build.0 = Release|x86
		{48CA352A-1165-4F37-A74A-FDD8FD6D4F96}.Debug|x86.ActiveCfg = Debug|Any CPU
		{48CA352A-1165-4F37-A74A-FDD8FD6D4F96}.Debug|x86.Build.0 = Debug|Any CPU
		{48CA352A-1165-4F37-A74A-FDD8FD6D4F96}.Release|x86.ActiveCfg = Release|Any CPU
		{48CA352A-1165-4F37-A74A-FDD8FD6D4F96}.Release|x86.Build.0 = Release|Any CPU
		{4D026308-0452-4A7D-BC7E-69528209E877}.Debug|x86.ActiveCfg = Debug|Any CPU
		{4D026308-0452-4A7D-BC7E-69528209E877}.Debug|x86.Build.0 = Debug|Any CPU
		{4D026308-0452-4A7D-BC7E-69528209E877}.Release|x86.ActiveCfg = Release|Any CPU
		{4D026308-0452-4A7D-BC7E-69528209E877}.Release|x86.Build.0 = Release|Any CPU
		{5A4B6ED2-741E-4D91-9A34-CC9CAE62C348}.Debug|x86.ActiveCfg = Debug|Any CPU
		{5A4B6ED2-741E-4D91-9A34-CC9CAE62C348}.Debug|x86.Build.0 = Debug|Any CPU
		{5A4B6ED2-741E-4D91-9A34-CC9CAE62C348}.Release|x86.ActiveCfg = Release|Any CPU
		{5A4B6ED2-741E-4D91-9A34-CC9CAE62C348}.Release|x86.Build.0 = Release|Any CPU
		{5F907144-262F-475C-91E9-9315A2DA7D27}.Debug|x86.ActiveCfg = Debug|x86
		{5F907144-262F-475C-91E9-9315A2DA7D27}.Debug|x86.Build.0 = Debug|x86
		{5F907144-262F-475C-91E9-9315A2DA7D27}.Release|x86.ActiveCfg = Release|x86
		{5F907144-262F-475C-91E9-9315A2DA7D27}.Release|x86.Build.0 = Release|x86
		{8E917E8F-F3EF-485B-B148-72C8ED9DB6E6}.Debug|x86.ActiveCfg = Debug|x86
		{8E917E8F-F3EF-485B-B148-72C8ED9DB6E6}.Debug|x86.Build.0 = Debug|x86
		{8E917E8F-F3EF-485B-B148-72C8ED9DB6E6}.Release|x86.ActiveCfg = Release|x86
		{8E917E8F-F3EF-485B-B148-72C8ED9DB6E6}.Release|x86.Build.0 = Release|x86
		{B0D344B7-41BD-4184-AEB6-A0D7840DD182}.Debug|x86.ActiveCfg = Debug|Any CPU
		{B0D344B7-41BD-4184-AEB6-A0D7840DD182}.Debug|x86.Build.0 = Debug|Any CPU
		{B0D344B7-41BD-4184-AEB6-A0D7840DD182}.Release|x86.ActiveCfg = Release|Any CPU
		{B0D344B7-41BD-4184-AEB6-A0D7840DD182}.Release|x86.Build.0 = Release|Any CPU
		{BFDFA3CE-D89D-499C-9829-BBC1ED6C3A98}.Debug|x86.ActiveCfg = Debug|x86
		{BFDFA3CE-D89D-499C-9829-BBC1ED6C3A98}.Debug|x86.Build.0 = Debug|x86
		{BFDFA3CE-D89D-499C-9829-BBC1ED6C3A98}.Release|x86.ActiveCfg = Release|x86
		{BFDFA3CE-D89D-499C-9829-BBC1ED6C3A98}.Release|x86.Build.0 = Release|x86
		{E254C351-1DD5-4D98-B7C2-7F610304647E}.Debug|x86.ActiveCfg = Debug|Any CPU
		{E254C351-1DD5-4D98-B7C2-7F610304647E}.Debug|x86.Build.0 = Debug|Any CPU
		{E254C351-1DD5-4D98-B7C2-7F610304647E}.Release|x86.ActiveCfg = Release|Any CPU
		{E254C351-1DD5-4D98-B7C2-7F610304647E}.Release|x86.Build.0 = Release|Any CPU
		{F2B14C4B-6493-42D9-8D7F-07C3B7A00B41}.Debug|x86.ActiveCfg = Debug|x86
		{F2B14C4B-6493-42D9-8D7F-07C3B7A00B41}.Debug|x86.Build.0 = Debug|x86
		{F2B14C4B-6493-42D9-8D7F-07C3B7A00B41}.Release|x86.ActiveCfg = Release|x86
		{F2B14C4B-6493-42D9-8D7F-07C3B7A00B41}.Release|x86.Build.0 = Release|x86
	EndGlobalSection
	GlobalSection(MonoDevelopProperties) = preSolution
		StartupItem = main\OpenGamingLibrary\OpenGamingLibrary.csproj
		Policies = $0
		$0.DotNetNamingPolicy = $1
		$1.DirectoryNamespaceAssociation = PrefixedFlat
		$1.ResourceNamePolicy = FileName
		$0.TextStylePolicy = $2
		$2.TabsToSpaces = False
		$2.inheritsSet = VisualStudio
		$2.inheritsScope = text/plain
		$2.scope = text/x-csharp
		$0.CSharpFormattingPolicy = $3
		$3.PropertyBraceStyle = NextLine
		$3.PropertyGetBraceStyle = NextLine
		$3.PropertySetBraceStyle = NextLine
		$3.StatementBraceStyle = NextLine
		$3.ElseNewLinePlacement = NewLine
		$3.CatchNewLinePlacement = NewLine
		$3.FinallyNewLinePlacement = NewLine
		$3.EmbeddedStatementPlacement = DoNotCare
		$3.BeforeMethodCallParentheses = False
		$3.AfterDelegateDeclarationParameterComma = True
		$3.NewParentheses = False
		$3.SpacesBeforeBrackets = False
		$3.AlignToFirstMethodDeclarationParameter = False
		$3.inheritsSet = Mono
		$3.inheritsScope = text/x-csharp
		$3.scope = text/x-csharp
		$0.StandardHeader = $4
		$4.Text = @Copyright ${Year} ${CopyrightHolder} All rights reserved.\n\nIt is illegal to use, reproduce or distribute any part of this\nIntellectual Property without prior written authorization from\n${CopyrightHolder}
		$4.IncludeInNewFiles = True
		$0.NameConventionPolicy = $5
		$5.Rules = $6
		$6.NamingRule = $7
		$7.AffectedEntity = None
		$7.VisibilityMask = VisibilityMask
		$7.NamingStyle = None
		$7.IncludeInstanceMembers = True
		$7.IncludeStaticEntities = True
	EndGlobalSection
	GlobalSection(SolutionProperties) = preSolution
		HideSolutionNode = FALSE
	EndGlobalSection
EndGlobal
